{
  "object": {
    "pins": [
      {
        "package": "AnyCodable",
        "repositoryURL": "https://github.com/Flight-School/AnyCodable",
        "state": {
          "branch": null,
          "revision": "b1a7a8a6186f2fcb28f7bda67cfc545de48b3c80",
          "version": "0.6.2"
        }
      },
      {
        "package": "async-http-client",
        "repositoryURL": "https://github.com/swift-server/async-http-client.git",
        "state": {
          "branch": null,
          "revision": "70826d038d5bdc3142a386b735792d87ef7a5dfc",
          "version": "1.8.1"
        }
      },
      {
        "package": "async-kit",
        "repositoryURL": "https://github.com/vapor/async-kit.git",
        "state": {
          "branch": null,
          "revision": "e2f741640364c1d271405da637029ea6a33f754e",
          "version": "1.11.1"
        }
      },
      {
        "package": "Cryptor",
        "repositoryURL": "https://github.com/IBM-Swift/BlueCryptor.git",
        "state": {
          "branch": null,
          "revision": "ee5880e031da4c609f372cf7472476ab51d5dd19",
          "version": "1.0.200"
        }
      },
      {
        "package": "Socket",
        "repositoryURL": "https://github.com/IBM-Swift/BlueSocket.git",
        "state": {
          "branch": null,
          "revision": "c9894fd117457f1d006575fbfb2fdfd6f79eac03",
          "version": "1.0.200"
        }
      },
      {
        "package": "SSLService",
        "repositoryURL": "https://github.com/IBM-Swift/BlueSSLService.git",
        "state": {
          "branch": null,
          "revision": "ae5889d2a8b068d2d3ab91ec73aa8f557c03cd8a",
          "version": "1.0.200"
        }
      },
      {
        "package": "BSON",
        "repositoryURL": "https://github.com/OpenKitten/BSON.git",
        "state": {
          "branch": null,
          "revision": "98a2c90988895f1b985ed0066180995df995924c",
          "version": "7.0.28"
        }
      },
      {
        "package": "console-kit",
        "repositoryURL": "https://github.com/vapor/console-kit.git",
        "state": {
          "branch": null,
          "revision": "75ea3b627d88221440b878e5dfccc73fd06842ed",
          "version": "4.2.7"
        }
      },
      {
        "package": "CryptoSwift",
        "repositoryURL": "https://github.com/krzyzanowskim/CryptoSwift.git",
        "state": {
          "branch": null,
          "revision": "5669f222e46c8134fb1f399c745fa6882b43532e",
          "version": "1.3.8"
        }
      },
      {
        "package": "CucumberSwift",
        "repositoryURL": "https://github.com/Tyler-Keith-Thompson/CucumberSwift",
        "state": {
          "branch": null,
          "revision": "ac7fe71e554c4121d9b749ee724768cf22ea4fc3",
          "version": "3.3.6"
        }
      },
      {
        "package": "fluent",
        "repositoryURL": "https://github.com/vapor/fluent.git",
        "state": {
          "branch": null,
          "revision": "ea707ee318066a073c95b2b2df1aa640fcb67f9e",
          "version": "4.4.0"
        }
      },
      {
        "package": "fluent-kit",
        "repositoryURL": "https://github.com/vapor/fluent-kit.git",
        "state": {
          "branch": null,
          "revision": "d5273e8d050c51dd7e1d3a4dab08fe32ec9ffffa",
          "version": "1.20.0"
        }
      },
      {
        "package": "jwt",
        "repositoryURL": "https://github.com/vapor/jwt.git",
        "state": {
          "branch": null,
          "revision": "f18aa4f69d9ec781d79b7b89352de326f82e17a9",
          "version": "4.1.0"
        }
      },
      {
        "package": "jwt-kit",
        "repositoryURL": "https://github.com/vapor/jwt-kit.git",
        "state": {
          "branch": null,
          "revision": "1822bb0abf0a31a4b5078ec19061c548835253b5",
          "version": "4.3.0"
        }
      },
      {
        "package": "LoggerAPI",
        "repositoryURL": "https://github.com/IBM-Swift/LoggerAPI.git",
        "state": {
          "branch": null,
          "revision": "e82d34eab3f0b05391082b11ea07d3b70d2f65bb",
          "version": "1.9.200"
        }
      },
      {
        "package": "MongoKitten",
        "repositoryURL": "https://github.com/OpenKitten/MongoKitten.git",
        "state": {
          "branch": null,
          "revision": "d22edbbf262d6925dbaed74cc83fa8953e867590",
          "version": "6.7.2"
        }
      },
      {
        "package": "multipart-kit",
        "repositoryURL": "https://github.com/vapor/multipart-kit.git",
        "state": {
          "branch": null,
          "revision": "2dd9368a3c9580792b77c7ef364f3735909d9996",
          "version": "4.5.1"
        }
      },
      {
        "package": "DNSClient",
        "repositoryURL": "https://github.com/OpenKitten/NioDNS.git",
        "state": {
          "branch": null,
          "revision": "71cfedd3310d59b7d19e290176dd2a1a605a4252",
          "version": "2.0.7"
        }
      },
      {
        "package": "routing-kit",
        "repositoryURL": "https://github.com/vapor/routing-kit.git",
        "state": {
          "branch": null,
          "revision": "5603b81ceb744b8318feab1e60943704977a866b",
          "version": "4.3.1"
        }
      },
      {
        "package": "sql-kit",
        "repositoryURL": "https://github.com/vapor/sql-kit.git",
        "state": {
          "branch": null,
          "revision": "9cc30f8cef132e91a07e36005612b37f918731fc",
          "version": "3.16.0"
        }
      },
      {
        "package": "swift-backtrace",
        "repositoryURL": "https://github.com/swift-server/swift-backtrace.git",
        "state": {
          "branch": null,
          "revision": "d3e04a9d4b3833363fb6192065b763310b156d54",
          "version": "1.3.1"
        }
      },
      {
        "package": "swift-crypto",
        "repositoryURL": "https://github.com/apple/swift-crypto.git",
        "state": {
          "branch": null,
          "revision": "a8911e0fadc25aef1071d582355bd1037a176060",
          "version": "2.0.4"
        }
      },
      {
        "package": "swift-log",
        "repositoryURL": "https://github.com/apple/swift-log.git",
        "state": {
          "branch": null,
          "revision": "5d66f7ba25daf4f94100e7022febf3c75e37a6c7",
          "version": "1.4.2"
        }
      },
      {
        "package": "swift-metrics",
        "repositoryURL": "https://github.com/apple/swift-metrics.git",
        "state": {
          "branch": null,
          "revision": "3edd2f57afc4e68e23c3e4956bc8b65ca6b5b2ff",
          "version": "2.2.0"
        }
      },
      {
        "package": "swift-nio",
        "repositoryURL": "https://github.com/apple/swift-nio.git",
        "state": {
          "branch": null,
          "revision": "51c3fc2e4a0fcdf4a25089b288dd65b73df1b0ef",
          "version": "2.37.0"
        }
      },
      {
        "package": "swift-nio-extras",
        "repositoryURL": "https://github.com/apple/swift-nio-extras.git",
        "state": {
          "branch": null,
          "revision": "f73ca5ee9c6806800243f1ac415fcf82de9a4c91",
          "version": "1.10.2"
        }
      },
      {
        "package": "swift-nio-http2",
        "repositoryURL": "https://github.com/apple/swift-nio-http2.git",
        "state": {
          "branch": null,
          "revision": "6e94a7be32891d1b303a3fcfde8b5bf64d162e74",
          "version": "1.19.1"
        }
      },
      {
        "package": "swift-nio-ssl",
        "repositoryURL": "https://github.com/apple/swift-nio-ssl.git",
        "state": {
          "branch": null,
          "revision": "52a486ff6de9bc3e26bf634c5413c41c5fa89ca5",
          "version": "2.17.2"
        }
      },
      {
        "package": "swift-nio-transport-services",
        "repositoryURL": "https://github.com/apple/swift-nio-transport-services.git",
        "state": {
          "branch": null,
          "revision": "8ab824b140d0ebcd87e9149266ddc353e3705a3e",
          "version": "1.11.4"
        }
      },
      {
        "package": "SwiftSMTP",
        "repositoryURL": "https://github.com/rgroult/Swift-SMTP.git",
        "state": {
          "branch": "master",
          "revision": "db3b5a17e6237f9e4322ad853b7c38dfcc96c277",
          "version": null
        }
      },
      {
        "package": "Swiftgger",
        "repositoryURL": "https://github.com/mczachurski/Swiftgger.git",
        "state": {
          "branch": null,
          "revision": "25d9ea884067764ab314cd3bf7e0ca19867b3f45",
          "version": "1.5.0"
        }
      },
      {
        "package": "vapor",
        "repositoryURL": "https://github.com/vapor/vapor.git",
        "state": {
          "branch": null,
          "revision": "88901368be090e69077418c36d17552e145ddd6e",
          "version": "4.54.1"
        }
      },
      {
        "package": "JWTAuth",
        "repositoryURL": "https://github.com/asensei/vapor-auth-jwt",
        "state": {
          "branch": null,
          "revision": "fced4b889e46a85124a189aaa3477997d4b6f324",
          "version": "2.0.1"
        }
      },
      {
        "package": "websocket-kit",
        "repositoryURL": "https://github.com/vapor/websocket-kit.git",
        "state": {
          "branch": null,
          "revision": "ff8fbce837ef01a93d49c6fb49a72be0f150dac7",
          "version": "2.3.0"
        }
      },
      {
        "package": "zxcvbn",
        "repositoryURL": "https://github.com/vzsg/zxcvbn-swift.git",
        "state": {
          "branch": "master",
          "revision": "c0fa718f6c8f30a982129ac25afbcef75c5ffede",
          "version": null
        }
      }
    ]
  },
  "version": 1
}
